# IF THERE'S A GIT CONFLICT IN THIS FILE, DON'T SOLVE IT MANUALLY!
# INSTEAD EXECUTE `prisma migrate fix`
# Prisma Migrate lockfile v1
# Read more about conflict resolution here: TODO

20200613012610-init
20200613013202-init-logs
20200613014937-add-user-timestamps
20200613015117-add-log-timestamps
20200615142422-rename-logs-table